// !$*UTF8*$!
{
	archiveVersion = 1;
	classes = {
	};
	objectVersion = 56;
	objects = {

/* Begin PBXBuildFile section */
		E13714D02A19DE41004C6FCC /* GenreModel.swift in Sources */ = {isa = PBXBuildFile; fileRef = E13714CF2A19DE41004C6FCC /* GenreModel.swift */; };
		E13714D22A19DEBA004C6FCC /* GenreCard.swift in Sources */ = {isa = PBXBuildFile; fileRef = E13714D12A19DEBA004C6FCC /* GenreCard.swift */; };
		E1880DEA2A1DD74F00931175 /* DetailView.swift in Sources */ = {isa = PBXBuildFile; fileRef = E1880DE92A1DD74F00931175 /* DetailView.swift */; };
		E1880DEC2A1DD87B00931175 /* DetailViewModel.swift in Sources */ = {isa = PBXBuildFile; fileRef = E1880DEB2A1DD87B00931175 /* DetailViewModel.swift */; };
		E1880DEE2A1DDB9400931175 /* DetailSectionPart.swift in Sources */ = {isa = PBXBuildFile; fileRef = E1880DED2A1DDB9400931175 /* DetailSectionPart.swift */; };
		E1880DF32A1DEA4200931175 /* DetailModel.swift in Sources */ = {isa = PBXBuildFile; fileRef = E1880DF22A1DEA4200931175 /* DetailModel.swift */; };
		E1880DF52A1DEE5D00931175 /* ReviewCard.swift in Sources */ = {isa = PBXBuildFile; fileRef = E1880DF42A1DEE5D00931175 /* ReviewCard.swift */; };
		E19988122A193F9F009983D2 /* Endpoint.swift in Sources */ = {isa = PBXBuildFile; fileRef = E19988112A193F9F009983D2 /* Endpoint.swift */; };
		E19988142A193FA7009983D2 /* ApiConstructor.swift in Sources */ = {isa = PBXBuildFile; fileRef = E19988132A193FA7009983D2 /* ApiConstructor.swift */; };
		E19988162A193FB5009983D2 /* URLBuilder.swift in Sources */ = {isa = PBXBuildFile; fileRef = E19988152A193FB5009983D2 /* URLBuilder.swift */; };
		E19988182A193FC0009983D2 /* MovieService.swift in Sources */ = {isa = PBXBuildFile; fileRef = E19988172A193FC0009983D2 /* MovieService.swift */; };
		E1BA2EE42A17B5F800CBA3A0 /* Color.swift in Sources */ = {isa = PBXBuildFile; fileRef = E1BA2EE32A17B5F800CBA3A0 /* Color.swift */; };
		E1BA2EE62A17B60000CBA3A0 /* Image.swift in Sources */ = {isa = PBXBuildFile; fileRef = E1BA2EE52A17B60000CBA3A0 /* Image.swift */; };
		E1BA2EEC2A17B70900CBA3A0 /* MovieModel.swift in Sources */ = {isa = PBXBuildFile; fileRef = E1BA2EEB2A17B70900CBA3A0 /* MovieModel.swift */; };
		E1BA2EEE2A17B71700CBA3A0 /* MovieViewModel.swift in Sources */ = {isa = PBXBuildFile; fileRef = E1BA2EED2A17B71700CBA3A0 /* MovieViewModel.swift */; };
		E1BA2EF02A17B76B00CBA3A0 /* Constants.swift in Sources */ = {isa = PBXBuildFile; fileRef = E1BA2EEF2A17B76B00CBA3A0 /* Constants.swift */; };
		E1BA2EF22A17B7EB00CBA3A0 /* View.View.swift in Sources */ = {isa = PBXBuildFile; fileRef = E1BA2EF12A17B7EB00CBA3A0 /* View.View.swift */; };
		E1BA2EF82A17B8E700CBA3A0 /* HomeView.swift in Sources */ = {isa = PBXBuildFile; fileRef = E1BA2EF72A17B8E700CBA3A0 /* HomeView.swift */; };
		E1BA2EFA2A17B90C00CBA3A0 /* MovieSearchBar.swift in Sources */ = {isa = PBXBuildFile; fileRef = E1BA2EF92A17B90C00CBA3A0 /* MovieSearchBar.swift */; };
		E1BA2EFC2A17B94400CBA3A0 /* PreviewProvider.swift in Sources */ = {isa = PBXBuildFile; fileRef = E1BA2EFB2A17B94400CBA3A0 /* PreviewProvider.swift */; };
		E1BA2EFE2A18A5EC00CBA3A0 /* CustomImage.swift in Sources */ = {isa = PBXBuildFile; fileRef = E1BA2EFD2A18A5EC00CBA3A0 /* CustomImage.swift */; };
		E1BA2F002A18A6FC00CBA3A0 /* MovieCard.swift in Sources */ = {isa = PBXBuildFile; fileRef = E1BA2EFF2A18A6FC00CBA3A0 /* MovieCard.swift */; };
		E1BA2F072A18A7A300CBA3A0 /* TypeMovieCard.swift in Sources */ = {isa = PBXBuildFile; fileRef = E1BA2F062A18A7A300CBA3A0 /* TypeMovieCard.swift */; };
		E1DEB6A22A127879005CD08A /* MovieTheaterApp.swift in Sources */ = {isa = PBXBuildFile; fileRef = E1DEB6A12A127879005CD08A /* MovieTheaterApp.swift */; };
		E1DEB6A42A127879005CD08A /* ContentView.swift in Sources */ = {isa = PBXBuildFile; fileRef = E1DEB6A32A127879005CD08A /* ContentView.swift */; };
		E1DEB6A62A12787B005CD08A /* Assets.xcassets in Resources */ = {isa = PBXBuildFile; fileRef = E1DEB6A52A12787B005CD08A /* Assets.xcassets */; };
		E1DEB6A92A12787B005CD08A /* Preview Assets.xcassets in Resources */ = {isa = PBXBuildFile; fileRef = E1DEB6A82A12787B005CD08A /* Preview Assets.xcassets */; };
/* End PBXBuildFile section */

/* Begin PBXFileReference section */
		E13714CF2A19DE41004C6FCC /* GenreModel.swift */ = {isa = PBXFileReference; lastKnownFileType = sourcecode.swift; path = GenreModel.swift; sourceTree = "<group>"; };
		E13714D12A19DEBA004C6FCC /* GenreCard.swift */ = {isa = PBXFileReference; lastKnownFileType = sourcecode.swift; path = GenreCard.swift; sourceTree = "<group>"; };
		E1880DE92A1DD74F00931175 /* DetailView.swift */ = {isa = PBXFileReference; lastKnownFileType = sourcecode.swift; path = DetailView.swift; sourceTree = "<group>"; };
		E1880DEB2A1DD87B00931175 /* DetailViewModel.swift */ = {isa = PBXFileReference; lastKnownFileType = sourcecode.swift; path = DetailViewModel.swift; sourceTree = "<group>"; };
		E1880DED2A1DDB9400931175 /* DetailSectionPart.swift */ = {isa = PBXFileReference; lastKnownFileType = sourcecode.swift; path = DetailSectionPart.swift; sourceTree = "<group>"; };
		E1880DF22A1DEA4200931175 /* DetailModel.swift */ = {isa = PBXFileReference; lastKnownFileType = sourcecode.swift; path = DetailModel.swift; sourceTree = "<group>"; };
		E1880DF42A1DEE5D00931175 /* ReviewCard.swift */ = {isa = PBXFileReference; lastKnownFileType = sourcecode.swift; path = ReviewCard.swift; sourceTree = "<group>"; };
		E19988112A193F9F009983D2 /* Endpoint.swift */ = {isa = PBXFileReference; lastKnownFileType = sourcecode.swift; path = Endpoint.swift; sourceTree = "<group>"; };
		E19988132A193FA7009983D2 /* ApiConstructor.swift */ = {isa = PBXFileReference; lastKnownFileType = sourcecode.swift; path = ApiConstructor.swift; sourceTree = "<group>"; };
		E19988152A193FB5009983D2 /* URLBuilder.swift */ = {isa = PBXFileReference; lastKnownFileType = sourcecode.swift; path = URLBuilder.swift; sourceTree = "<group>"; };
		E19988172A193FC0009983D2 /* MovieService.swift */ = {isa = PBXFileReference; lastKnownFileType = sourcecode.swift; path = MovieService.swift; sourceTree = "<group>"; };
		E1BA2EE32A17B5F800CBA3A0 /* Color.swift */ = {isa = PBXFileReference; lastKnownFileType = sourcecode.swift; path = Color.swift; sourceTree = "<group>"; };
		E1BA2EE52A17B60000CBA3A0 /* Image.swift */ = {isa = PBXFileReference; lastKnownFileType = sourcecode.swift; path = Image.swift; sourceTree = "<group>"; };
		E1BA2EEB2A17B70900CBA3A0 /* MovieModel.swift */ = {isa = PBXFileReference; lastKnownFileType = sourcecode.swift; path = MovieModel.swift; sourceTree = "<group>"; };
		E1BA2EED2A17B71700CBA3A0 /* MovieViewModel.swift */ = {isa = PBXFileReference; lastKnownFileType = sourcecode.swift; path = MovieViewModel.swift; sourceTree = "<group>"; };
		E1BA2EEF2A17B76B00CBA3A0 /* Constants.swift */ = {isa = PBXFileReference; lastKnownFileType = sourcecode.swift; path = Constants.swift; sourceTree = "<group>"; };
		E1BA2EF12A17B7EB00CBA3A0 /* View.View.swift */ = {isa = PBXFileReference; lastKnownFileType = sourcecode.swift; path = View.View.swift; sourceTree = "<group>"; };
		E1BA2EF72A17B8E700CBA3A0 /* HomeView.swift */ = {isa = PBXFileReference; lastKnownFileType = sourcecode.swift; path = HomeView.swift; sourceTree = "<group>"; };
		E1BA2EF92A17B90C00CBA3A0 /* MovieSearchBar.swift */ = {isa = PBXFileReference; lastKnownFileType = sourcecode.swift; path = MovieSearchBar.swift; sourceTree = "<group>"; };
		E1BA2EFB2A17B94400CBA3A0 /* PreviewProvider.swift */ = {isa = PBXFileReference; lastKnownFileType = sourcecode.swift; path = PreviewProvider.swift; sourceTree = "<group>"; };
		E1BA2EFD2A18A5EC00CBA3A0 /* CustomImage.swift */ = {isa = PBXFileReference; lastKnownFileType = sourcecode.swift; path = CustomImage.swift; sourceTree = "<group>"; };
		E1BA2EFF2A18A6FC00CBA3A0 /* MovieCard.swift */ = {isa = PBXFileReference; lastKnownFileType = sourcecode.swift; path = MovieCard.swift; sourceTree = "<group>"; };
		E1BA2F062A18A7A300CBA3A0 /* TypeMovieCard.swift */ = {isa = PBXFileReference; lastKnownFileType = sourcecode.swift; path = TypeMovieCard.swift; sourceTree = "<group>"; };
		E1DEB69E2A127879005CD08A /* MovieTheater.app */ = {isa = PBXFileReference; explicitFileType = wrapper.application; includeInIndex = 0; path = MovieTheater.app; sourceTree = BUILT_PRODUCTS_DIR; };
		E1DEB6A12A127879005CD08A /* MovieTheaterApp.swift */ = {isa = PBXFileReference; lastKnownFileType = sourcecode.swift; path = MovieTheaterApp.swift; sourceTree = "<group>"; };
		E1DEB6A32A127879005CD08A /* ContentView.swift */ = {isa = PBXFileReference; lastKnownFileType = sourcecode.swift; path = ContentView.swift; sourceTree = "<group>"; };
		E1DEB6A52A12787B005CD08A /* Assets.xcassets */ = {isa = PBXFileReference; lastKnownFileType = folder.assetcatalog; path = Assets.xcassets; sourceTree = "<group>"; };
		E1DEB6A82A12787B005CD08A /* Preview Assets.xcassets */ = {isa = PBXFileReference; lastKnownFileType = folder.assetcatalog; path = "Preview Assets.xcassets"; sourceTree = "<group>"; };
/* End PBXFileReference section */

/* Begin PBXFrameworksBuildPhase section */
		E1DEB69B2A127879005CD08A /* Frameworks */ = {
			isa = PBXFrameworksBuildPhase;
			buildActionMask = 2147483647;
			files = (
			);
			runOnlyForDeploymentPostprocessing = 0;
		};
/* End PBXFrameworksBuildPhase section */

/* Begin PBXGroup section */
		E1880DE82A1DD74100931175 /* Detail */ = {
			isa = PBXGroup;
			children = (
				E1880DE92A1DD74F00931175 /* DetailView.swift */,
				E1880DEB2A1DD87B00931175 /* DetailViewModel.swift */,
				E1880DF22A1DEA4200931175 /* DetailModel.swift */,
			);
			path = Detail;
			sourceTree = "<group>";
		};
		E1880DEF2A1DDBA600931175 /* DetailSubView */ = {
			isa = PBXGroup;
			children = (
				E1880DED2A1DDB9400931175 /* DetailSectionPart.swift */,
				E1880DF42A1DEE5D00931175 /* ReviewCard.swift */,
			);
			path = DetailSubView;
			sourceTree = "<group>";
		};
		E19988102A193F8F009983D2 /* NetWorking */ = {
			isa = PBXGroup;
			children = (
				E19988112A193F9F009983D2 /* Endpoint.swift */,
				E19988132A193FA7009983D2 /* ApiConstructor.swift */,
				E19988152A193FB5009983D2 /* URLBuilder.swift */,
				E19988172A193FC0009983D2 /* MovieService.swift */,
			);
			path = NetWorking;
			sourceTree = "<group>";
		};
		E1BA2EE72A17B60900CBA3A0 /* Home */ = {
			isa = PBXGroup;
			children = (
				E1BA2EEA2A17B62900CBA3A0 /* HomeViewModel */,
				E1BA2EE92A17B61F00CBA3A0 /* HomeModel */,
				E1BA2EE82A17B61100CBA3A0 /* HomeView */,
			);
			path = Home;
			sourceTree = "<group>";
		};
		E1BA2EE82A17B61100CBA3A0 /* HomeView */ = {
			isa = PBXGroup;
			children = (
				E1BA2EF72A17B8E700CBA3A0 /* HomeView.swift */,
			);
			path = HomeView;
			sourceTree = "<group>";
		};
		E1BA2EE92A17B61F00CBA3A0 /* HomeModel */ = {
			isa = PBXGroup;
			children = (
				E1BA2EEB2A17B70900CBA3A0 /* MovieModel.swift */,
				E13714CF2A19DE41004C6FCC /* GenreModel.swift */,
			);
			path = HomeModel;
			sourceTree = "<group>";
		};
		E1BA2EEA2A17B62900CBA3A0 /* HomeViewModel */ = {
			isa = PBXGroup;
			children = (
				E1BA2EED2A17B71700CBA3A0 /* MovieViewModel.swift */,
			);
			path = HomeViewModel;
			sourceTree = "<group>";
		};
		E1BA2EF52A17B89A00CBA3A0 /* Base */ = {
			isa = PBXGroup;
			children = (
				E1880DE82A1DD74100931175 /* Detail */,
				E19988102A193F8F009983D2 /* NetWorking */,
				E1BA2F032A18A77500CBA3A0 /* Utils */,
				E1BA2EF62A17B8BA00CBA3A0 /* SubView */,
				E1DE3AE12A17685C00D8D979 /* Extention */,
				E1DE3AFF2A176D6300D8D979 /* Utils */,
			);
			path = Base;
			sourceTree = "<group>";
		};
		E1BA2EF62A17B8BA00CBA3A0 /* SubView */ = {
			isa = PBXGroup;
			children = (
				E1BA2EF92A17B90C00CBA3A0 /* MovieSearchBar.swift */,
				E13714D12A19DEBA004C6FCC /* GenreCard.swift */,
				E1BA2EFD2A18A5EC00CBA3A0 /* CustomImage.swift */,
				E1BA2EFF2A18A6FC00CBA3A0 /* MovieCard.swift */,
				E1880DEF2A1DDBA600931175 /* DetailSubView */,
			);
			path = SubView;
			sourceTree = "<group>";
		};
		E1BA2F032A18A77500CBA3A0 /* Utils */ = {
			isa = PBXGroup;
			children = (
				E1BA2F062A18A7A300CBA3A0 /* TypeMovieCard.swift */,
			);
			name = Utils;
			path = Extention/Utils;
			sourceTree = "<group>";
		};
		E1DE3AE12A17685C00D8D979 /* Extention */ = {
			isa = PBXGroup;
			children = (
				E1BA2EE32A17B5F800CBA3A0 /* Color.swift */,
				E1BA2EE52A17B60000CBA3A0 /* Image.swift */,
				E1BA2EF12A17B7EB00CBA3A0 /* View.View.swift */,
				E1BA2EFB2A17B94400CBA3A0 /* PreviewProvider.swift */,
			);
			path = Extention;
			sourceTree = "<group>";
		};
		E1DE3AFF2A176D6300D8D979 /* Utils */ = {
			isa = PBXGroup;
			children = (
				E1BA2EEF2A17B76B00CBA3A0 /* Constants.swift */,
			);
			path = Utils;
			sourceTree = "<group>";
		};
		E1DEB6952A127879005CD08A = {
			isa = PBXGroup;
			children = (
				E1DEB6A02A127879005CD08A /* MovieTheater */,
				E1DEB69F2A127879005CD08A /* Products */,
			);
			sourceTree = "<group>";
		};
		E1DEB69F2A127879005CD08A /* Products */ = {
			isa = PBXGroup;
			children = (
				E1DEB69E2A127879005CD08A /* MovieTheater.app */,
			);
			name = Products;
			sourceTree = "<group>";
		};
		E1DEB6A02A127879005CD08A /* MovieTheater */ = {
			isa = PBXGroup;
			children = (
				E1DEB6A12A127879005CD08A /* MovieTheaterApp.swift */,
				E1DEB6A32A127879005CD08A /* ContentView.swift */,
				E1BA2EE72A17B60900CBA3A0 /* Home */,
				E1BA2EF52A17B89A00CBA3A0 /* Base */,
				E1DEB6A52A12787B005CD08A /* Assets.xcassets */,
				E1DEB6A72A12787B005CD08A /* Preview Content */,
			);
			path = MovieTheater;
			sourceTree = "<group>";
		};
		E1DEB6A72A12787B005CD08A /* Preview Content */ = {
			isa = PBXGroup;
			children = (
				E1DEB6A82A12787B005CD08A /* Preview Assets.xcassets */,
			);
			path = "Preview Content";
			sourceTree = "<group>";
		};
/* End PBXGroup section */

/* Begin PBXNativeTarget section */
		E1DEB69D2A127879005CD08A /* MovieTheater */ = {
			isa = PBXNativeTarget;
			buildConfigurationList = E1DEB6AC2A12787B005CD08A /* Build configuration list for PBXNativeTarget "MovieTheater" */;
			buildPhases = (
				E1DEB69A2A127879005CD08A /* Sources */,
				E1DEB69B2A127879005CD08A /* Frameworks */,
				E1DEB69C2A127879005CD08A /* Resources */,
			);
			buildRules = (
			);
			dependencies = (
			);
			name = MovieTheater;
			productName = MovieTheater;
			productReference = E1DEB69E2A127879005CD08A /* MovieTheater.app */;
			productType = "com.apple.product-type.application";
		};
/* End PBXNativeTarget section */

/* Begin PBXProject section */
		E1DEB6962A127879005CD08A /* Project object */ = {
			isa = PBXProject;
			attributes = {
				BuildIndependentTargetsInParallel = 1;
				LastSwiftUpdateCheck = 1430;
				LastUpgradeCheck = 1430;
				TargetAttributes = {
					E1DEB69D2A127879005CD08A = {
						CreatedOnToolsVersion = 14.3;
					};
				};
			};
			buildConfigurationList = E1DEB6992A127879005CD08A /* Build configuration list for PBXProject "MovieTheater" */;
			compatibilityVersion = "Xcode 14.0";
			developmentRegion = en;
			hasScannedForEncodings = 0;
			knownRegions = (
				en,
				Base,
			);
			mainGroup = E1DEB6952A127879005CD08A;
			productRefGroup = E1DEB69F2A127879005CD08A /* Products */;
			projectDirPath = "";
			projectRoot = "";
			targets = (
				E1DEB69D2A127879005CD08A /* MovieTheater */,
			);
		};
/* End PBXProject section */

/* Begin PBXResourcesBuildPhase section */
		E1DEB69C2A127879005CD08A /* Resources */ = {
			isa = PBXResourcesBuildPhase;
			buildActionMask = 2147483647;
			files = (
				E1DEB6A92A12787B005CD08A /* Preview Assets.xcassets in Resources */,
				E1DEB6A62A12787B005CD08A /* Assets.xcassets in Resources */,
			);
			runOnlyForDeploymentPostprocessing = 0;
		};
/* End PBXResourcesBuildPhase section */

/* Begin PBXSourcesBuildPhase section */
		E1DEB69A2A127879005CD08A /* Sources */ = {
			isa = PBXSourcesBuildPhase;
			buildActionMask = 2147483647;
			files = (
				E1880DF32A1DEA4200931175 /* DetailModel.swift in Sources */,
				E1BA2EF82A17B8E700CBA3A0 /* HomeView.swift in Sources */,
				E1DEB6A42A127879005CD08A /* ContentView.swift in Sources */,
				E1880DEE2A1DDB9400931175 /* DetailSectionPart.swift in Sources */,
				E13714D02A19DE41004C6FCC /* GenreModel.swift in Sources */,
				E1BA2EFE2A18A5EC00CBA3A0 /* CustomImage.swift in Sources */,
				E1BA2EE62A17B60000CBA3A0 /* Image.swift in Sources */,
				E19988122A193F9F009983D2 /* Endpoint.swift in Sources */,
				E1BA2EEC2A17B70900CBA3A0 /* MovieModel.swift in Sources */,
				E19988182A193FC0009983D2 /* MovieService.swift in Sources */,
				E1BA2F002A18A6FC00CBA3A0 /* MovieCard.swift in Sources */,
				E1880DEC2A1DD87B00931175 /* DetailViewModel.swift in Sources */,
				E13714D22A19DEBA004C6FCC /* GenreCard.swift in Sources */,
				E1880DEA2A1DD74F00931175 /* DetailView.swift in Sources */,
				E1DEB6A22A127879005CD08A /* MovieTheaterApp.swift in Sources */,
				E1BA2EF02A17B76B00CBA3A0 /* Constants.swift in Sources */,
				E19988162A193FB5009983D2 /* URLBuilder.swift in Sources */,
				E1880DF52A1DEE5D00931175 /* ReviewCard.swift in Sources */,
				E1BA2EFC2A17B94400CBA3A0 /* PreviewProvider.swift in Sources */,
				E1BA2EE42A17B5F800CBA3A0 /* Color.swift in Sources */,
				E1BA2F072A18A7A300CBA3A0 /* TypeMovieCard.swift in Sources */,
				E1BA2EF22A17B7EB00CBA3A0 /* View.View.swift in Sources */,
				E1BA2EFA2A17B90C00CBA3A0 /* MovieSearchBar.swift in Sources */,
				E1BA2EEE2A17B71700CBA3A0 /* MovieViewModel.swift in Sources */,
				E19988142A193FA7009983D2 /* ApiConstructor.swift in Sources */,
			);
			runOnlyForDeploymentPostprocessing = 0;
		};
/* End PBXSourcesBuildPhase section */

/* Begin XCBuildConfiguration section */
		E1DEB6AA2A12787B005CD08A /* Debug */ = {
			isa = XCBuildConfiguration;
			buildSettings = {
				ALWAYS_SEARCH_USER_PATHS = NO;
				CLANG_ANALYZER_NONNULL = YES;
				CLANG_ANALYZER_NUMBER_OBJECT_CONVERSION = YES_AGGRESSIVE;
				CLANG_CXX_LANGUAGE_STANDARD = "gnu++20";
				CLANG_ENABLE_MODULES = YES;
				CLANG_ENABLE_OBJC_ARC = YES;
				CLANG_ENABLE_OBJC_WEAK = YES;
				CLANG_WARN_BLOCK_CAPTURE_AUTORELEASING = YES;
				CLANG_WARN_BOOL_CONVERSION = YES;
				CLANG_WARN_COMMA = YES;
				CLANG_WARN_CONSTANT_CONVERSION = YES;
				CLANG_WARN_DEPRECATED_OBJC_IMPLEMENTATIONS = YES;
				CLANG_WARN_DIRECT_OBJC_ISA_USAGE = YES_ERROR;
				CLANG_WARN_DOCUMENTATION_COMMENTS = YES;
				CLANG_WARN_EMPTY_BODY = YES;
				CLANG_WARN_ENUM_CONVERSION = YES;
				CLANG_WARN_INFINITE_RECURSION = YES;
				CLANG_WARN_INT_CONVERSION = YES;
				CLANG_WARN_NON_LITERAL_NULL_CONVERSION = YES;
				CLANG_WARN_OBJC_IMPLICIT_RETAIN_SELF = YES;
				CLANG_WARN_OBJC_LITERAL_CONVERSION = YES;
				CLANG_WARN_OBJC_ROOT_CLASS = YES_ERROR;
				CLANG_WARN_QUOTED_INCLUDE_IN_FRAMEWORK_HEADER = YES;
				CLANG_WARN_RANGE_LOOP_ANALYSIS = YES;
				CLANG_WARN_STRICT_PROTOTYPES = YES;
				CLANG_WARN_SUSPICIOUS_MOVE = YES;
				CLANG_WARN_UNGUARDED_AVAILABILITY = YES_AGGRESSIVE;
				CLANG_WARN_UNREACHABLE_CODE = YES;
				CLANG_WARN__DUPLICATE_METHOD_MATCH = YES;
				COPY_PHASE_STRIP = NO;
				DEBUG_INFORMATION_FORMAT = dwarf;
				ENABLE_STRICT_OBJC_MSGSEND = YES;
				ENABLE_TESTABILITY = YES;
				GCC_C_LANGUAGE_STANDARD = gnu11;
				GCC_DYNAMIC_NO_PIC = NO;
				GCC_NO_COMMON_BLOCKS = YES;
				GCC_OPTIMIZATION_LEVEL = 0;
				GCC_PREPROCESSOR_DEFINITIONS = (
					"DEBUG=1",
					"$(inherited)",
				);
				GCC_WARN_64_TO_32_BIT_CONVERSION = YES;
				GCC_WARN_ABOUT_RETURN_TYPE = YES_ERROR;
				GCC_WARN_UNDECLARED_SELECTOR = YES;
				GCC_WARN_UNINITIALIZED_AUTOS = YES_AGGRESSIVE;
				GCC_WARN_UNUSED_FUNCTION = YES;
				GCC_WARN_UNUSED_VARIABLE = YES;
				IPHONEOS_DEPLOYMENT_TARGET = 16.4;
				MTL_ENABLE_DEBUG_INFO = INCLUDE_SOURCE;
				MTL_FAST_MATH = YES;
				ONLY_ACTIVE_ARCH = YES;
				SDKROOT = iphoneos;
				SWIFT_ACTIVE_COMPILATION_CONDITIONS = DEBUG;
				SWIFT_OPTIMIZATION_LEVEL = "-Onone";
			};
			name = Debug;
		};
		E1DEB6AB2A12787B005CD08A /* Release */ = {
			isa = XCBuildConfiguration;
			buildSettings = {
				ALWAYS_SEARCH_USER_PATHS = NO;
				CLANG_ANALYZER_NONNULL = YES;
				CLANG_ANALYZER_NUMBER_OBJECT_CONVERSION = YES_AGGRESSIVE;
				CLANG_CXX_LANGUAGE_STANDARD = "gnu++20";
				CLANG_ENABLE_MODULES = YES;
				CLANG_ENABLE_OBJC_ARC = YES;
				CLANG_ENABLE_OBJC_WEAK = YES;
				CLANG_WARN_BLOCK_CAPTURE_AUTORELEASING = YES;
				CLANG_WARN_BOOL_CONVERSION = YES;
				CLANG_WARN_COMMA = YES;
				CLANG_WARN_CONSTANT_CONVERSION = YES;
				CLANG_WARN_DEPRECATED_OBJC_IMPLEMENTATIONS = YES;
				CLANG_WARN_DIRECT_OBJC_ISA_USAGE = YES_ERROR;
				CLANG_WARN_DOCUMENTATION_COMMENTS = YES;
				CLANG_WARN_EMPTY_BODY = YES;
				CLANG_WARN_ENUM_CONVERSION = YES;
				CLANG_WARN_INFINITE_RECURSION = YES;
				CLANG_WARN_INT_CONVERSION = YES;
				CLANG_WARN_NON_LITERAL_NULL_CONVERSION = YES;
				CLANG_WARN_OBJC_IMPLICIT_RETAIN_SELF = YES;
				CLANG_WARN_OBJC_LITERAL_CONVERSION = YES;
				CLANG_WARN_OBJC_ROOT_CLASS = YES_ERROR;
				CLANG_WARN_QUOTED_INCLUDE_IN_FRAMEWORK_HEADER = YES;
				CLANG_WARN_RANGE_LOOP_ANALYSIS = YES;
				CLANG_WARN_STRICT_PROTOTYPES = YES;
				CLANG_WARN_SUSPICIOUS_MOVE = YES;
				CLANG_WARN_UNGUARDED_AVAILABILITY = YES_AGGRESSIVE;
				CLANG_WARN_UNREACHABLE_CODE = YES;
				CLANG_WARN__DUPLICATE_METHOD_MATCH = YES;
				COPY_PHASE_STRIP = NO;
				DEBUG_INFORMATION_FORMAT = "dwarf-with-dsym";
				ENABLE_NS_ASSERTIONS = NO;
				ENABLE_STRICT_OBJC_MSGSEND = YES;
				GCC_C_LANGUAGE_STANDARD = gnu11;
				GCC_NO_COMMON_BLOCKS = YES;
				GCC_WARN_64_TO_32_BIT_CONVERSION = YES;
				GCC_WARN_ABOUT_RETURN_TYPE = YES_ERROR;
				GCC_WARN_UNDECLARED_SELECTOR = YES;
				GCC_WARN_UNINITIALIZED_AUTOS = YES_AGGRESSIVE;
				GCC_WARN_UNUSED_FUNCTION = YES;
				GCC_WARN_UNUSED_VARIABLE = YES;
				IPHONEOS_DEPLOYMENT_TARGET = 16.4;
				MTL_ENABLE_DEBUG_INFO = NO;
				MTL_FAST_MATH = YES;
				SDKROOT = iphoneos;
				SWIFT_COMPILATION_MODE = wholemodule;
				SWIFT_OPTIMIZATION_LEVEL = "-O";
				VALIDATE_PRODUCT = YES;
			};
			name = Release;
		};
		E1DEB6AD2A12787B005CD08A /* Debug */ = {
			isa = XCBuildConfiguration;
			buildSettings = {
				ASSETCATALOG_COMPILER_APPICON_NAME = AppIcon;
				ASSETCATALOG_COMPILER_GLOBAL_ACCENT_COLOR_NAME = AccentColor;
				CODE_SIGN_STYLE = Automatic;
				CURRENT_PROJECT_VERSION = 1;
				DEVELOPMENT_ASSET_PATHS = "\"MovieTheater/Preview Content\"";
				ENABLE_PREVIEWS = YES;
				GENERATE_INFOPLIST_FILE = YES;
				INFOPLIST_FILE = MovieTheater/Info.plist;
				INFOPLIST_KEY_UIApplicationSceneManifest_Generation = YES;
				INFOPLIST_KEY_UIApplicationSupportsIndirectInputEvents = YES;
				INFOPLIST_KEY_UILaunchScreen_Generation = YES;
				INFOPLIST_KEY_UISupportedInterfaceOrientations_iPad = "UIInterfaceOrientationPortrait UIInterfaceOrientationPortraitUpsideDown UIInterfaceOrientationLandscapeLeft UIInterfaceOrientationLandscapeRight";
				INFOPLIST_KEY_UISupportedInterfaceOrientations_iPhone = "UIInterfaceOrientationPortrait UIInterfaceOrientationLandscapeLeft UIInterfaceOrientationLandscapeRight";
				LD_RUNPATH_SEARCH_PATHS = (
					"$(inherited)",
					"@executable_path/Frameworks",
				);
				MARKETING_VERSION = 1.0;
				PRODUCT_BUNDLE_IDENTIFIER = leaff.MovieTheater;
				PRODUCT_NAME = "$(TARGET_NAME)";
				SWIFT_EMIT_LOC_STRINGS = YES;
				SWIFT_VERSION = 5.0;
				TARGETED_DEVICE_FAMILY = "1,2";
			};
			name = Debug;
		};
		E1DEB6AE2A12787B005CD08A /* Release */ = {
			isa = XCBuildConfiguration;
			buildSettings = {
				ASSETCATALOG_COMPILER_APPICON_NAME = AppIcon;
				ASSETCATALOG_COMPILER_GLOBAL_ACCENT_COLOR_NAME = AccentColor;
				CODE_SIGN_STYLE = Automatic;
				CURRENT_PROJECT_VERSION = 1;
				DEVELOPMENT_ASSET_PATHS = "\"MovieTheater/Preview Content\"";
				ENABLE_PREVIEWS = YES;
				GENERATE_INFOPLIST_FILE = YES;
				INFOPLIST_FILE = MovieTheater/Info.plist;
				INFOPLIST_KEY_UIApplicationSceneManifest_Generation = YES;
				INFOPLIST_KEY_UIApplicationSupportsIndirectInputEvents = YES;
				INFOPLIST_KEY_UILaunchScreen_Generation = YES;
				INFOPLIST_KEY_UISupportedInterfaceOrientations_iPad = "UIInterfaceOrientationPortrait UIInterfaceOrientationPortraitUpsideDown UIInterfaceOrientationLandscapeLeft UIInterfaceOrientationLandscapeRight";
				INFOPLIST_KEY_UISupportedInterfaceOrientations_iPhone = "UIInterfaceOrientationPortrait UIInterfaceOrientationLandscapeLeft UIInterfaceOrientationLandscapeRight";
				LD_RUNPATH_SEARCH_PATHS = (
					"$(inherited)",
					"@executable_path/Frameworks",
				);
				MARKETING_VERSION = 1.0;
				PRODUCT_BUNDLE_IDENTIFIER = leaff.MovieTheater;
				PRODUCT_NAME = "$(TARGET_NAME)";
				SWIFT_EMIT_LOC_STRINGS = YES;
				SWIFT_VERSION = 5.0;
				TARGETED_DEVICE_FAMILY = "1,2";
			};
			name = Release;
		};
/* End XCBuildConfiguration section */

/* Begin XCConfigurationList section */
		E1DEB6992A127879005CD08A /* Build configuration list for PBXProject "MovieTheater" */ = {
			isa = XCConfigurationList;
			buildConfigurations = (
				E1DEB6AA2A12787B005CD08A /* Debug */,
				E1DEB6AB2A12787B005CD08A /* Release */,
			);
			defaultConfigurationIsVisible = 0;
			defaultConfigurationName = Release;
		};
		E1DEB6AC2A12787B005CD08A /* Build configuration list for PBXNativeTarget "MovieTheater" */ = {
			isa = XCConfigurationList;
			buildConfigurations = (
				E1DEB6AD2A12787B005CD08A /* Debug */,
				E1DEB6AE2A12787B005CD08A /* Release */,
			);
			defaultConfigurationIsVisible = 0;
			defaultConfigurationName = Release;
		};
/* End XCConfigurationList section */
	};
	rootObject = E1DEB6962A127879005CD08A /* Project object */;
}
